
Microsoft Visual Studio Solution File, Format Version 12.00
# Visual Studio 14
VisualStudioVersion = 14.0.25420.1
MinimumVisualStudioVersion = 10.0.40219.1
Project("{2150E333-8FDC-42A3-9474-1A3956D46DE8}") = "DAL", "DAL", "{320F8956-A1FC-4B60-A3DA-B73C34DAA324}"
EndProject
Project("{2150E333-8FDC-42A3-9474-1A3956D46DE8}") = "LIB", "LIB", "{71BE0F97-2909-483F-89C1-0ED111478200}"
EndProject
Project("{2150E333-8FDC-42A3-9474-1A3956D46DE8}") = "UI", "UI", "{6B436A34-8EA5-4D78-864E-5F1C1B321053}"
EndProject
Project("{2150E333-8FDC-42A3-9474-1A3956D46DE8}") = "MOBILE", "MOBILE", "{68B428CC-2995-4BFB-960B-E933508DA50B}"
EndProject
Project("{FAE04EC0-301F-11D3-BF4B-00C04F79EFBC}") = "UniversalTunesDataModel", "DAL\UniversalTunesDataModel\UniversalTunesDataModel.csproj", "{079FA653-4806-4BB1-A0A7-426F54D31FFD}"
EndProject
Project("{FAE04EC0-301F-11D3-BF4B-00C04F79EFBC}") = "APIs", "LIB\APIs\APIs.csproj", "{DA5B457A-5AED-4F29-907E-CCEB344E4D92}"
EndProject
Project("{262852C6-CD72-467D-83FE-5EEB1973A190}") = "UniversalTunesMobile", "MOBILE\UniversalTunesMobile\UniversalTunesMobile.jsproj", "{4C032F5D-C220-492B-ABCF-431C6168AE27}"
EndProject
Project("{FAE04EC0-301F-11D3-BF4B-00C04F79EFBC}") = "UniversalTunesWeb", "UI\UniversalTunesWeb\UniversalTunesWeb.csproj", "{15CF9799-512A-4126-8C5D-0199196D2E0A}"
EndProject
Project("{FAE04EC0-301F-11D3-BF4B-00C04F79EFBC}") = "Innov8Lib", "LIB\Innov8Lib\Innov8Lib.csproj", "{0FC1AB07-8D4D-46E0-B1F8-C858FA641307}"
EndProject
Global
	GlobalSection(SolutionConfigurationPlatforms) = preSolution
		Debug|Android = Debug|Android
		Debug|Any CPU = Debug|Any CPU
		Debug|iOS = Debug|iOS
		Debug|Windows Phone (Universal) = Debug|Windows Phone (Universal)
		Debug|Windows Phone 8 = Debug|Windows Phone 8
		Debug|Windows-AnyCPU = Debug|Windows-AnyCPU
		Debug|Windows-ARM = Debug|Windows-ARM
		Debug|Windows-x64 = Debug|Windows-x64
		Debug|Windows-x86 = Debug|Windows-x86
		Release|Android = Release|Android
		Release|Any CPU = Release|Any CPU
		Release|iOS = Release|iOS
		Release|Windows Phone (Universal) = Release|Windows Phone (Universal)
		Release|Windows Phone 8 = Release|Windows Phone 8
		Release|Windows-AnyCPU = Release|Windows-AnyCPU
		Release|Windows-ARM = Release|Windows-ARM
		Release|Windows-x64 = Release|Windows-x64
		Release|Windows-x86 = Release|Windows-x86
	EndGlobalSection
	GlobalSection(ProjectConfigurationPlatforms) = postSolution
		{079FA653-4806-4BB1-A0A7-426F54D31FFD}.Debug|Android.ActiveCfg = Debug|Any CPU
		{079FA653-4806-4BB1-A0A7-426F54D31FFD}.Debug|Android.Build.0 = Debug|Any CPU
		{079FA653-4806-4BB1-A0A7-426F54D31FFD}.Debug|Any CPU.ActiveCfg = Debug|Any CPU
		{079FA653-4806-4BB1-A0A7-426F54D31FFD}.Debug|Any CPU.Build.0 = Debug|Any CPU
		{079FA653-4806-4BB1-A0A7-426F54D31FFD}.Debug|iOS.ActiveCfg = Debug|Any CPU
		{079FA653-4806-4BB1-A0A7-426F54D31FFD}.Debug|iOS.Build.0 = Debug|Any CPU
		{079FA653-4806-4BB1-A0A7-426F54D31FFD}.Debug|Windows Phone (Universal).ActiveCfg = Debug|Any CPU
		{079FA653-4806-4BB1-A0A7-426F54D31FFD}.Debug|Windows Phone (Universal).Build.0 = Debug|Any CPU
		{079FA653-4806-4BB1-A0A7-426F54D31FFD}.Debug|Windows Phone 8.ActiveCfg = Debug|Any CPU
		{079FA653-4806-4BB1-A0A7-426F54D31FFD}.Debug|Windows Phone 8.Build.0 = Debug|Any CPU
		{079FA653-4806-4BB1-A0A7-426F54D31FFD}.Debug|Windows-AnyCPU.ActiveCfg = Debug|Any CPU
		{079FA653-4806-4BB1-A0A7-426F54D31FFD}.Debug|Windows-AnyCPU.Build.0 = Debug|Any CPU
		{079FA653-4806-4BB1-A0A7-426F54D31FFD}.Debug|Windows-ARM.ActiveCfg = Debug|Any CPU
		{079FA653-4806-4BB1-A0A7-426F54D31FFD}.Debug|Windows-ARM.Build.0 = Debug|Any CPU
		{079FA653-4806-4BB1-A0A7-426F54D31FFD}.Debug|Windows-x64.ActiveCfg = Debug|Any CPU
		{079FA653-4806-4BB1-A0A7-426F54D31FFD}.Debug|Windows-x64.Build.0 = Debug|Any CPU
		{079FA653-4806-4BB1-A0A7-426F54D31FFD}.Debug|Windows-x86.ActiveCfg = Debug|Any CPU
		{079FA653-4806-4BB1-A0A7-426F54D31FFD}.Debug|Windows-x86.Build.0 = Debug|Any CPU
		{079FA653-4806-4BB1-A0A7-426F54D31FFD}.Release|Android.ActiveCfg = Release|Any CPU
		{079FA653-4806-4BB1-A0A7-426F54D31FFD}.Release|Android.Build.0 = Release|Any CPU
		{079FA653-4806-4BB1-A0A7-426F54D31FFD}.Release|Any CPU.ActiveCfg = Release|Any CPU
		{079FA653-4806-4BB1-A0A7-426F54D31FFD}.Release|Any CPU.Build.0 = Release|Any CPU
		{079FA653-4806-4BB1-A0A7-426F54D31FFD}.Release|iOS.ActiveCfg = Release|Any CPU
		{079FA653-4806-4BB1-A0A7-426F54D31FFD}.Release|iOS.Build.0 = Release|Any CPU
		{079FA653-4806-4BB1-A0A7-426F54D31FFD}.Release|Windows Phone (Universal).ActiveCfg = Release|Any CPU
		{079FA653-4806-4BB1-A0A7-426F54D31FFD}.Release|Windows Phone (Universal).Build.0 = Release|Any CPU
		{079FA653-4806-4BB1-A0A7-426F54D31FFD}.Release|Windows Phone 8.ActiveCfg = Release|Any CPU
		{079FA653-4806-4BB1-A0A7-426F54D31FFD}.Release|Windows Phone 8.Build.0 = Release|Any CPU
		{079FA653-4806-4BB1-A0A7-426F54D31FFD}.Release|Windows-AnyCPU.ActiveCfg = Release|Any CPU
		{079FA653-4806-4BB1-A0A7-426F54D31FFD}.Release|Windows-AnyCPU.Build.0 = Release|Any CPU
		{079FA653-4806-4BB1-A0A7-426F54D31FFD}.Release|Windows-ARM.ActiveCfg = Release|Any CPU
		{079FA653-4806-4BB1-A0A7-426F54D31FFD}.Release|Windows-ARM.Build.0 = Release|Any CPU
		{079FA653-4806-4BB1-A0A7-426F54D31FFD}.Release|Windows-x64.ActiveCfg = Release|Any CPU
		{079FA653-4806-4BB1-A0A7-426F54D31FFD}.Release|Windows-x64.Build.0 = Release|Any CPU
		{079FA653-4806-4BB1-A0A7-426F54D31FFD}.Release|Windows-x86.ActiveCfg = Release|Any CPU
		{079FA653-4806-4BB1-A0A7-426F54D31FFD}.Release|Windows-x86.Build.0 = Release|Any CPU
		{DA5B457A-5AED-4F29-907E-CCEB344E4D92}.Debug|Android.ActiveCfg = Debug|Any CPU
		{DA5B457A-5AED-4F29-907E-CCEB344E4D92}.Debug|Android.Build.0 = Debug|Any CPU
		{DA5B457A-5AED-4F29-907E-CCEB344E4D92}.Debug|Any CPU.ActiveCfg = Debug|Any CPU
		{DA5B457A-5AED-4F29-907E-CCEB344E4D92}.Debug|Any CPU.Build.0 = Debug|Any CPU
		{DA5B457A-5AED-4F29-907E-CCEB344E4D92}.Debug|iOS.ActiveCfg = Debug|Any CPU
		{DA5B457A-5AED-4F29-907E-CCEB344E4D92}.Debug|iOS.Build.0 = Debug|Any CPU
		{DA5B457A-5AED-4F29-907E-CCEB344E4D92}.Debug|Windows Phone (Universal).ActiveCfg = Debug|Any CPU
		{DA5B457A-5AED-4F29-907E-CCEB344E4D92}.Debug|Windows Phone (Universal).Build.0 = Debug|Any CPU
		{DA5B457A-5AED-4F29-907E-CCEB344E4D92}.Debug|Windows Phone 8.ActiveCfg = Debug|Any CPU
		{DA5B457A-5AED-4F29-907E-CCEB344E4D92}.Debug|Windows Phone 8.Build.0 = Debug|Any CPU
		{DA5B457A-5AED-4F29-907E-CCEB344E4D92}.Debug|Windows-AnyCPU.ActiveCfg = Debug|Any CPU
		{DA5B457A-5AED-4F29-907E-CCEB344E4D92}.Debug|Windows-AnyCPU.Build.0 = Debug|Any CPU
		{DA5B457A-5AED-4F29-907E-CCEB344E4D92}.Debug|Windows-ARM.ActiveCfg = Debug|Any CPU
		{DA5B457A-5AED-4F29-907E-CCEB344E4D92}.Debug|Windows-ARM.Build.0 = Debug|Any CPU
		{DA5B457A-5AED-4F29-907E-CCEB344E4D92}.Debug|Windows-x64.ActiveCfg = Debug|Any CPU
		{DA5B457A-5AED-4F29-907E-CCEB344E4D92}.Debug|Windows-x64.Build.0 = Debug|Any CPU
		{DA5B457A-5AED-4F29-907E-CCEB344E4D92}.Debug|Windows-x86.ActiveCfg = Debug|Any CPU
		{DA5B457A-5AED-4F29-907E-CCEB344E4D92}.Debug|Windows-x86.Build.0 = Debug|Any CPU
		{DA5B457A-5AED-4F29-907E-CCEB344E4D92}.Release|Android.ActiveCfg = Release|Any CPU
		{DA5B457A-5AED-4F29-907E-CCEB344E4D92}.Release|Android.Build.0 = Release|Any CPU
		{DA5B457A-5AED-4F29-907E-CCEB344E4D92}.Release|Any CPU.ActiveCfg = Release|Any CPU
		{DA5B457A-5AED-4F29-907E-CCEB344E4D92}.Release|Any CPU.Build.0 = Release|Any CPU
		{DA5B457A-5AED-4F29-907E-CCEB344E4D92}.Release|iOS.ActiveCfg = Release|Any CPU
		{DA5B457A-5AED-4F29-907E-CCEB344E4D92}.Release|iOS.Build.0 = Release|Any CPU
		{DA5B457A-5AED-4F29-907E-CCEB344E4D92}.Release|Windows Phone (Universal).ActiveCfg = Release|Any CPU
		{DA5B457A-5AED-4F29-907E-CCEB344E4D92}.Release|Windows Phone (Universal).Build.0 = Release|Any CPU
		{DA5B457A-5AED-4F29-907E-CCEB344E4D92}.Release|Windows Phone 8.ActiveCfg = Release|Any CPU
		{DA5B457A-5AED-4F29-907E-CCEB344E4D92}.Release|Windows Phone 8.Build.0 = Release|Any CPU
		{DA5B457A-5AED-4F29-907E-CCEB344E4D92}.Release|Windows-AnyCPU.ActiveCfg = Release|Any CPU
		{DA5B457A-5AED-4F29-907E-CCEB344E4D92}.Release|Windows-AnyCPU.Build.0 = Release|Any CPU
		{DA5B457A-5AED-4F29-907E-CCEB344E4D92}.Release|Windows-ARM.ActiveCfg = Release|Any CPU
		{DA5B457A-5AED-4F29-907E-CCEB344E4D92}.Release|Windows-ARM.Build.0 = Release|Any CPU
		{DA5B457A-5AED-4F29-907E-CCEB344E4D92}.Release|Windows-x64.ActiveCfg = Release|Any CPU
		{DA5B457A-5AED-4F29-907E-CCEB344E4D92}.Release|Windows-x64.Build.0 = Release|Any CPU
		{DA5B457A-5AED-4F29-907E-CCEB344E4D92}.Release|Windows-x86.ActiveCfg = Release|Any CPU
		{DA5B457A-5AED-4F29-907E-CCEB344E4D92}.Release|Windows-x86.Build.0 = Release|Any CPU
		{4C032F5D-C220-492B-ABCF-431C6168AE27}.Debug|Android.ActiveCfg = Debug|Android
		{4C032F5D-C220-492B-ABCF-431C6168AE27}.Debug|Android.Build.0 = Debug|Android
		{4C032F5D-C220-492B-ABCF-431C6168AE27}.Debug|Android.Deploy.0 = Debug|Android
		{4C032F5D-C220-492B-ABCF-431C6168AE27}.Debug|Any CPU.ActiveCfg = Debug|Android
		{4C032F5D-C220-492B-ABCF-431C6168AE27}.Debug|iOS.ActiveCfg = Debug|iOS
		{4C032F5D-C220-492B-ABCF-431C6168AE27}.Debug|iOS.Build.0 = Debug|iOS
		{4C032F5D-C220-492B-ABCF-431C6168AE27}.Debug|iOS.Deploy.0 = Debug|iOS
		{4C032F5D-C220-492B-ABCF-431C6168AE27}.Debug|Windows Phone (Universal).ActiveCfg = Debug|Windows Phone (Universal)
		{4C032F5D-C220-492B-ABCF-431C6168AE27}.Debug|Windows Phone (Universal).Build.0 = Debug|Windows Phone (Universal)
		{4C032F5D-C220-492B-ABCF-431C6168AE27}.Debug|Windows Phone (Universal).Deploy.0 = Debug|Windows Phone (Universal)
		{4C032F5D-C220-492B-ABCF-431C6168AE27}.Debug|Windows Phone 8.ActiveCfg = Debug|Windows Phone 8
		{4C032F5D-C220-492B-ABCF-431C6168AE27}.Debug|Windows Phone 8.Build.0 = Debug|Windows Phone 8
		{4C032F5D-C220-492B-ABCF-431C6168AE27}.Debug|Windows Phone 8.Deploy.0 = Debug|Windows Phone 8
		{4C032F5D-C220-492B-ABCF-431C6168AE27}.Debug|Windows-AnyCPU.ActiveCfg = Debug|Windows-AnyCPU
		{4C032F5D-C220-492B-ABCF-431C6168AE27}.Debug|Windows-AnyCPU.Build.0 = Debug|Windows-AnyCPU
		{4C032F5D-C220-492B-ABCF-431C6168AE27}.Debug|Windows-AnyCPU.Deploy.0 = Debug|Windows-AnyCPU
		{4C032F5D-C220-492B-ABCF-431C6168AE27}.Debug|Windows-ARM.ActiveCfg = Debug|Windows-ARM
		{4C032F5D-C220-492B-ABCF-431C6168AE27}.Debug|Windows-ARM.Build.0 = Debug|Windows-ARM
		{4C032F5D-C220-492B-ABCF-431C6168AE27}.Debug|Windows-ARM.Deploy.0 = Debug|Windows-ARM
		{4C032F5D-C220-492B-ABCF-431C6168AE27}.Debug|Windows-x64.ActiveCfg = Debug|Windows-x64
		{4C032F5D-C220-492B-ABCF-431C6168AE27}.Debug|Windows-x64.Build.0 = Debug|Windows-x64
		{4C032F5D-C220-492B-ABCF-431C6168AE27}.Debug|Windows-x64.Deploy.0 = Debug|Windows-x64
		{4C032F5D-C220-492B-ABCF-431C6168AE27}.Debug|Windows-x86.ActiveCfg = Debug|Windows-x86
		{4C032F5D-C220-492B-ABCF-431C6168AE27}.Debug|Windows-x86.Build.0 = Debug|Windows-x86
		{4C032F5D-C220-492B-ABCF-431C6168AE27}.Debug|Windows-x86.Deploy.0 = Debug|Windows-x86
		{4C032F5D-C220-492B-ABCF-431C6168AE27}.Release|Android.ActiveCfg = Release|Android
		{4C032F5D-C220-492B-ABCF-431C6168AE27}.Release|Android.Build.0 = Release|Android
		{4C032F5D-C220-492B-ABCF-431C6168AE27}.Release|Android.Deploy.0 = Release|Android
		{4C032F5D-C220-492B-ABCF-431C6168AE27}.Release|Any CPU.ActiveCfg = Release|Android
		{4C032F5D-C220-492B-ABCF-431C6168AE27}.Release|iOS.ActiveCfg = Release|iOS
		{4C032F5D-C220-492B-ABCF-431C6168AE27}.Release|iOS.Build.0 = Release|iOS
		{4C032F5D-C220-492B-ABCF-431C6168AE27}.Release|iOS.Deploy.0 = Release|iOS
		{4C032F5D-C220-492B-ABCF-431C6168AE27}.Release|Windows Phone (Universal).ActiveCfg = Release|Windows Phone (Universal)
		{4C032F5D-C220-492B-ABCF-431C6168AE27}.Release|Windows Phone (Universal).Build.0 = Release|Windows Phone (Universal)
		{4C032F5D-C220-492B-ABCF-431C6168AE27}.Release|Windows Phone (Universal).Deploy.0 = Release|Windows Phone (Universal)
		{4C032F5D-C220-492B-ABCF-431C6168AE27}.Release|Windows Phone 8.ActiveCfg = Release|Windows Phone 8
		{4C032F5D-C220-492B-ABCF-431C6168AE27}.Release|Windows Phone 8.Build.0 = Release|Windows Phone 8
		{4C032F5D-C220-492B-ABCF-431C6168AE27}.Release|Windows Phone 8.Deploy.0 = Release|Windows Phone 8
		{4C032F5D-C220-492B-ABCF-431C6168AE27}.Release|Windows-AnyCPU.ActiveCfg = Release|Windows-AnyCPU
		{4C032F5D-C220-492B-ABCF-431C6168AE27}.Release|Windows-AnyCPU.Build.0 = Release|Windows-AnyCPU
		{4C032F5D-C220-492B-ABCF-431C6168AE27}.Release|Windows-AnyCPU.Deploy.0 = Release|Windows-AnyCPU
		{4C032F5D-C220-492B-ABCF-431C6168AE27}.Release|Windows-ARM.ActiveCfg = Release|Windows-ARM
		{4C032F5D-C220-492B-ABCF-431C6168AE27}.Release|Windows-ARM.Build.0 = Release|Windows-ARM
		{4C032F5D-C220-492B-ABCF-431C6168AE27}.Release|Windows-ARM.Deploy.0 = Release|Windows-ARM
		{4C032F5D-C220-492B-ABCF-431C6168AE27}.Release|Windows-x64.ActiveCfg = Release|Windows-x64
		{4C032F5D-C220-492B-ABCF-431C6168AE27}.Release|Windows-x64.Build.0 = Release|Windows-x64
		{4C032F5D-C220-492B-ABCF-431C6168AE27}.Release|Windows-x64.Deploy.0 = Release|Windows-x64
		{4C032F5D-C220-492B-ABCF-431C6168AE27}.Release|Windows-x86.ActiveCfg = Release|Windows-x86
		{4C032F5D-C220-492B-ABCF-431C6168AE27}.Release|Windows-x86.Build.0 = Release|Windows-x86
		{4C032F5D-C220-492B-ABCF-431C6168AE27}.Release|Windows-x86.Deploy.0 = Release|Windows-x86
		{15CF9799-512A-4126-8C5D-0199196D2E0A}.Debug|Android.ActiveCfg = Debug|Any CPU
		{15CF9799-512A-4126-8C5D-0199196D2E0A}.Debug|Android.Build.0 = Debug|Any CPU
		{15CF9799-512A-4126-8C5D-0199196D2E0A}.Debug|Any CPU.ActiveCfg = Debug|Any CPU
		{15CF9799-512A-4126-8C5D-0199196D2E0A}.Debug|Any CPU.Build.0 = Debug|Any CPU
		{15CF9799-512A-4126-8C5D-0199196D2E0A}.Debug|iOS.ActiveCfg = Debug|Any CPU
		{15CF9799-512A-4126-8C5D-0199196D2E0A}.Debug|iOS.Build.0 = Debug|Any CPU
		{15CF9799-512A-4126-8C5D-0199196D2E0A}.Debug|Windows Phone (Universal).ActiveCfg = Debug|Any CPU
		{15CF9799-512A-4126-8C5D-0199196D2E0A}.Debug|Windows Phone (Universal).Build.0 = Debug|Any CPU
		{15CF9799-512A-4126-8C5D-0199196D2E0A}.Debug|Windows Phone 8.ActiveCfg = Debug|Any CPU
		{15CF9799-512A-4126-8C5D-0199196D2E0A}.Debug|Windows Phone 8.Build.0 = Debug|Any CPU
		{15CF9799-512A-4126-8C5D-0199196D2E0A}.Debug|Windows-AnyCPU.ActiveCfg = Debug|Any CPU
		{15CF9799-512A-4126-8C5D-0199196D2E0A}.Debug|Windows-AnyCPU.Build.0 = Debug|Any CPU
		{15CF9799-512A-4126-8C5D-0199196D2E0A}.Debug|Windows-ARM.ActiveCfg = Debug|Any CPU
		{15CF9799-512A-4126-8C5D-0199196D2E0A}.Debug|Windows-ARM.Build.0 = Debug|Any CPU
		{15CF9799-512A-4126-8C5D-0199196D2E0A}.Debug|Windows-x64.ActiveCfg = Debug|Any CPU
		{15CF9799-512A-4126-8C5D-0199196D2E0A}.Debug|Windows-x64.Build.0 = Debug|Any CPU
		{15CF9799-512A-4126-8C5D-0199196D2E0A}.Debug|Windows-x86.ActiveCfg = Debug|Any CPU
		{15CF9799-512A-4126-8C5D-0199196D2E0A}.Debug|Windows-x86.Build.0 = Debug|Any CPU
		{15CF9799-512A-4126-8C5D-0199196D2E0A}.Release|Android.ActiveCfg = Release|Any CPU
		{15CF9799-512A-4126-8C5D-0199196D2E0A}.Release|Android.Build.0 = Release|Any CPU
		{15CF9799-512A-4126-8C5D-0199196D2E0A}.Release|Any CPU.ActiveCfg = Release|Any CPU
		{15CF9799-512A-4126-8C5D-0199196D2E0A}.Release|Any CPU.Build.0 = Release|Any CPU
		{15CF9799-512A-4126-8C5D-0199196D2E0A}.Release|iOS.ActiveCfg = Release|Any CPU
		{15CF9799-512A-4126-8C5D-0199196D2E0A}.Release|iOS.Build.0 = Release|Any CPU
		{15CF9799-512A-4126-8C5D-0199196D2E0A}.Release|Windows Phone (Universal).ActiveCfg = Release|Any CPU
		{15CF9799-512A-4126-8C5D-0199196D2E0A}.Release|Windows Phone (Universal).Build.0 = Release|Any CPU
		{15CF9799-512A-4126-8C5D-0199196D2E0A}.Release|Windows Phone 8.ActiveCfg = Release|Any CPU
		{15CF9799-512A-4126-8C5D-0199196D2E0A}.Release|Windows Phone 8.Build.0 = Release|Any CPU
		{15CF9799-512A-4126-8C5D-0199196D2E0A}.Release|Windows-AnyCPU.ActiveCfg = Release|Any CPU
		{15CF9799-512A-4126-8C5D-0199196D2E0A}.Release|Windows-AnyCPU.Build.0 = Release|Any CPU
		{15CF9799-512A-4126-8C5D-0199196D2E0A}.Release|Windows-ARM.ActiveCfg = Release|Any CPU
		{15CF9799-512A-4126-8C5D-0199196D2E0A}.Release|Windows-ARM.Build.0 = Release|Any CPU
		{15CF9799-512A-4126-8C5D-0199196D2E0A}.Release|Windows-x64.ActiveCfg = Release|Any CPU
		{15CF9799-512A-4126-8C5D-0199196D2E0A}.Release|Windows-x64.Build.0 = Release|Any CPU
		{15CF9799-512A-4126-8C5D-0199196D2E0A}.Release|Windows-x86.ActiveCfg = Release|Any CPU
		{15CF9799-512A-4126-8C5D-0199196D2E0A}.Release|Windows-x86.Build.0 = Release|Any CPU
		{0FC1AB07-8D4D-46E0-B1F8-C858FA641307}.Debug|Android.ActiveCfg = Debug|Any CPU
		{0FC1AB07-8D4D-46E0-B1F8-C858FA641307}.Debug|Android.Build.0 = Debug|Any CPU
		{0FC1AB07-8D4D-46E0-B1F8-C858FA641307}.Debug|Any CPU.ActiveCfg = Debug|Any CPU
		{0FC1AB07-8D4D-46E0-B1F8-C858FA641307}.Debug|Any CPU.Build.0 = Debug|Any CPU
		{0FC1AB07-8D4D-46E0-B1F8-C858FA641307}.Debug|iOS.ActiveCfg = Debug|Any CPU
		{0FC1AB07-8D4D-46E0-B1F8-C858FA641307}.Debug|iOS.Build.0 = Debug|Any CPU
		{0FC1AB07-8D4D-46E0-B1F8-C858FA641307}.Debug|Windows Phone (Universal).ActiveCfg = Debug|Any CPU
		{0FC1AB07-8D4D-46E0-B1F8-C858FA641307}.Debug|Windows Phone (Universal).Build.0 = Debug|Any CPU
		{0FC1AB07-8D4D-46E0-B1F8-C858FA641307}.Debug|Windows Phone 8.ActiveCfg = Debug|Any CPU
		{0FC1AB07-8D4D-46E0-B1F8-C858FA641307}.Debug|Windows Phone 8.Build.0 = Debug|Any CPU
		{0FC1AB07-8D4D-46E0-B1F8-C858FA641307}.Debug|Windows-AnyCPU.ActiveCfg = Debug|Any CPU
		{0FC1AB07-8D4D-46E0-B1F8-C858FA641307}.Debug|Windows-AnyCPU.Build.0 = Debug|Any CPU
		{0FC1AB07-8D4D-46E0-B1F8-C858FA641307}.Debug|Windows-ARM.ActiveCfg = Debug|Any CPU
		{0FC1AB07-8D4D-46E0-B1F8-C858FA641307}.Debug|Windows-ARM.Build.0 = Debug|Any CPU
		{0FC1AB07-8D4D-46E0-B1F8-C858FA641307}.Debug|Windows-x64.ActiveCfg = Debug|Any CPU
		{0FC1AB07-8D4D-46E0-B1F8-C858FA641307}.Debug|Windows-x64.Build.0 = Debug|Any CPU
		{0FC1AB07-8D4D-46E0-B1F8-C858FA641307}.Debug|Windows-x86.ActiveCfg = Debug|Any CPU
		{0FC1AB07-8D4D-46E0-B1F8-C858FA641307}.Debug|Windows-x86.Build.0 = Debug|Any CPU
		{0FC1AB07-8D4D-46E0-B1F8-C858FA641307}.Release|Android.ActiveCfg = Release|Any CPU
		{0FC1AB07-8D4D-46E0-B1F8-C858FA641307}.Release|Android.Build.0 = Release|Any CPU
		{0FC1AB07-8D4D-46E0-B1F8-C858FA641307}.Release|Any CPU.ActiveCfg = Release|Any CPU
		{0FC1AB07-8D4D-46E0-B1F8-C858FA641307}.Release|Any CPU.Build.0 = Release|Any CPU
		{0FC1AB07-8D4D-46E0-B1F8-C858FA641307}.Release|iOS.ActiveCfg = Release|Any CPU
		{0FC1AB07-8D4D-46E0-B1F8-C858FA641307}.Release|iOS.Build.0 = Release|Any CPU
		{0FC1AB07-8D4D-46E0-B1F8-C858FA641307}.Release|Windows Phone (Universal).ActiveCfg = Release|Any CPU
		{0FC1AB07-8D4D-46E0-B1F8-C858FA641307}.Release|Windows Phone (Universal).Build.0 = Release|Any CPU
		{0FC1AB07-8D4D-46E0-B1F8-C858FA641307}.Release|Windows Phone 8.ActiveCfg = Release|Any CPU
		{0FC1AB07-8D4D-46E0-B1F8-C858FA641307}.Release|Windows Phone 8.Build.0 = Release|Any CPU
		{0FC1AB07-8D4D-46E0-B1F8-C858FA641307}.Release|Windows-AnyCPU.ActiveCfg = Release|Any CPU
		{0FC1AB07-8D4D-46E0-B1F8-C858FA641307}.Release|Windows-AnyCPU.Build.0 = Release|Any CPU
		{0FC1AB07-8D4D-46E0-B1F8-C858FA641307}.Release|Windows-ARM.ActiveCfg = Release|Any CPU
		{0FC1AB07-8D4D-46E0-B1F8-C858FA641307}.Release|Windows-ARM.Build.0 = Release|Any CPU
		{0FC1AB07-8D4D-46E0-B1F8-C858FA641307}.Release|Windows-x64.ActiveCfg = Release|Any CPU
		{0FC1AB07-8D4D-46E0-B1F8-C858FA641307}.Release|Windows-x64.Build.0 = Release|Any CPU
		{0FC1AB07-8D4D-46E0-B1F8-C858FA641307}.Release|Windows-x86.ActiveCfg = Release|Any CPU
		{0FC1AB07-8D4D-46E0-B1F8-C858FA641307}.Release|Windows-x86.Build.0 = Release|Any CPU
	EndGlobalSection
	GlobalSection(SolutionProperties) = preSolution
		HideSolutionNode = FALSE
	EndGlobalSection
	GlobalSection(NestedProjects) = preSolution
		{079FA653-4806-4BB1-A0A7-426F54D31FFD} = {320F8956-A1FC-4B60-A3DA-B73C34DAA324}
		{DA5B457A-5AED-4F29-907E-CCEB344E4D92} = {71BE0F97-2909-483F-89C1-0ED111478200}
		{4C032F5D-C220-492B-ABCF-431C6168AE27} = {68B428CC-2995-4BFB-960B-E933508DA50B}
		{15CF9799-512A-4126-8C5D-0199196D2E0A} = {6B436A34-8EA5-4D78-864E-5F1C1B321053}
		{0FC1AB07-8D4D-46E0-B1F8-C858FA641307} = {71BE0F97-2909-483F-89C1-0ED111478200}
	EndGlobalSection
EndGlobal
